Microsoft Visual Studio Solution File, Format Version 12.00
# Visual Studio Version 17
VisualStudioVersion = 17.5.2.0
MinimumVisualStudioVersion = 10.0.40219.1
Project("{FAE04EC0-301F-11D3-BF4B-00C04F79EFBC}") = "ComplianceBuddy", "ComplianceBuddy.csproj", "{2DF24042-21D7-E0F1-BE52-C3172702C28B}"
EndProject
Global
	GlobalSection(SolutionConfigurationPlatforms) = preSolution
		Debug|Any CPU = Debug|Any CPU
		Release|Any CPU = Release|Any CPU
	EndGlobalSection
	GlobalSection(ProjectConfigurationPlatforms) = postSolution
		{2DF24042-21D7-E0F1-BE52-C3172702C28B}.Debug|Any CPU.ActiveCfg = Debug|Any CPU
		{2DF24042-21D7-E0F1-BE52-C3172702C28B}.Debug|Any CPU.Build.0 = Debug|Any CPU
		{2DF24042-21D7-E0F1-BE52-C3172702C28B}.Release|Any CPU.ActiveCfg = Release|Any CPU
		{2DF24042-21D7-E0F1-BE52-C3172702C28B}.Release|Any CPU.Build.0 = Release|Any CPU
	EndGlobalSection
	GlobalSection(SolutionProperties) = preSolution
		HideSolutionNode = FALSE
	EndGlobalSection
	GlobalSection(ExtensibilityGlobals) = postSolution
		SolutionGuid = {0257FA46-7EDA-420A-92E7-826CEEAC97EB}
	EndGlobalSection
EndGlobal
